// !$*UTF8*$!
{
	archiveVersion = 1;
	classes = {
	};
	objectVersion = 46;
	objects = {

/* Begin PBXBuildFile section */
		96780ED61C35390C006A1555 /* SimpleNetwork.h in Headers */ = {isa = PBXBuildFile; fileRef = 96780ED51C35390C006A1555 /* SimpleNetwork.h */; settings = {ATTRIBUTES = (Public, ); }; };
		96780EDD1C35390C006A1555 /* SimpleNetwork.framework in Frameworks */ = {isa = PBXBuildFile; fileRef = 96780ED21C35390C006A1555 /* SimpleNetwork.framework */; };
		96780EEE1C35398E006A1555 /* SimpleNetwork.swift in Sources */ = {isa = PBXBuildFile; fileRef = 96780EED1C35398E006A1555 /* SimpleNetwork.swift */; };
		96780EEF1C3539BC006A1555 /* SimpleNetwork.swift in Sources */ = {isa = PBXBuildFile; fileRef = 96780EED1C35398E006A1555 /* SimpleNetwork.swift */; };
		96780EF11C353DA3006A1555 /* RequestJSONTests.swift in Sources */ = {isa = PBXBuildFile; fileRef = 96780EF01C353DA3006A1555 /* RequestJSONTests.swift */; };
/* End PBXBuildFile section */

/* Begin PBXContainerItemProxy section */
		96780EDE1C35390C006A1555 /* PBXContainerItemProxy */ = {
			isa = PBXContainerItemProxy;
			containerPortal = 96780EC91C35390C006A1555 /* Project object */;
			proxyType = 1;
			remoteGlobalIDString = 96780ED11C35390C006A1555;
			remoteInfo = SimpleNetwork;
		};
/* End PBXContainerItemProxy section */

/* Begin PBXFileReference section */
		96780ED21C35390C006A1555 /* SimpleNetwork.framework */ = {isa = PBXFileReference; explicitFileType = wrapper.framework; includeInIndex = 0; path = SimpleNetwork.framework; sourceTree = BUILT_PRODUCTS_DIR; };
		96780ED51C35390C006A1555 /* SimpleNetwork.h */ = {isa = PBXFileReference; lastKnownFileType = sourcecode.c.h; path = SimpleNetwork.h; sourceTree = "<group>"; };
		96780ED71C35390C006A1555 /* Info.plist */ = {isa = PBXFileReference; lastKnownFileType = text.plist.xml; path = Info.plist; sourceTree = "<group>"; };
		96780EDC1C35390C006A1555 /* SimpleNetworkTests.xctest */ = {isa = PBXFileReference; explicitFileType = wrapper.cfbundle; includeInIndex = 0; path = SimpleNetworkTests.xctest; sourceTree = BUILT_PRODUCTS_DIR; };
		96780EE31C35390C006A1555 /* Info.plist */ = {isa = PBXFileReference; lastKnownFileType = text.plist.xml; path = Info.plist; sourceTree = "<group>"; };
		96780EED1C35398E006A1555 /* SimpleNetwork.swift */ = {isa = PBXFileReference; fileEncoding = 4; lastKnownFileType = sourcecode.swift; path = SimpleNetwork.swift; sourceTree = "<group>"; };
		96780EF01C353DA3006A1555 /* RequestJSONTests.swift */ = {isa = PBXFileReference; fileEncoding = 4; lastKnownFileType = sourcecode.swift; path = RequestJSONTests.swift; sourceTree = "<group>"; };
/* End PBXFileReference section */

/* Begin PBXFrameworksBuildPhase section */
		96780ECE1C35390C006A1555 /* Frameworks */ = {
			isa = PBXFrameworksBuildPhase;
			buildActionMask = 2147483647;
			files = (
			);
			runOnlyForDeploymentPostprocessing = 0;
		};
		96780ED91C35390C006A1555 /* Frameworks */ = {
			isa = PBXFrameworksBuildPhase;
			buildActionMask = 2147483647;
			files = (
				96780EDD1C35390C006A1555 /* SimpleNetwork.framework in Frameworks */,
			);
			runOnlyForDeploymentPostprocessing = 0;
		};
/* End PBXFrameworksBuildPhase section */

/* Begin PBXGroup section */
		96780EC81C35390C006A1555 = {
			isa = PBXGroup;
			children = (
				96780EEC1C35398E006A1555 /* Sources */,
				96780ED41C35390C006A1555 /* SimpleNetwork */,
				96780EE01C35390C006A1555 /* SimpleNetworkTests */,
				96780ED31C35390C006A1555 /* Products */,
			);
			sourceTree = "<group>";
		};
		96780ED31C35390C006A1555 /* Products */ = {
			isa = PBXGroup;
			children = (
				96780ED21C35390C006A1555 /* SimpleNetwork.framework */,
				96780EDC1C35390C006A1555 /* SimpleNetworkTests.xctest */,
			);
			name = Products;
			sourceTree = "<group>";
		};
		96780ED41C35390C006A1555 /* SimpleNetwork */ = {
			isa = PBXGroup;
			children = (
				96780ED51C35390C006A1555 /* SimpleNetwork.h */,
				96780ED71C35390C006A1555 /* Info.plist */,
			);
			path = SimpleNetwork;
			sourceTree = "<group>";
		};
		96780EE01C35390C006A1555 /* SimpleNetworkTests */ = {
			isa = PBXGroup;
			children = (
				96780EF01C353DA3006A1555 /* RequestJSONTests.swift */,
				96780EE31C35390C006A1555 /* Info.plist */,
			);
			path = SimpleNetworkTests;
			sourceTree = "<group>";
		};
		96780EEC1C35398E006A1555 /* Sources */ = {
			isa = PBXGroup;
			children = (
				96780EED1C35398E006A1555 /* SimpleNetwork.swift */,
			);
			path = Sources;
			sourceTree = "<group>";
		};
/* End PBXGroup section */

/* Begin PBXHeadersBuildPhase section */
		96780ECF1C35390C006A1555 /* Headers */ = {
			isa = PBXHeadersBuildPhase;
			buildActionMask = 2147483647;
			files = (
				96780ED61C35390C006A1555 /* SimpleNetwork.h in Headers */,
			);
			runOnlyForDeploymentPostprocessing = 0;
		};
/* End PBXHeadersBuildPhase section */

/* Begin PBXNativeTarget section */
		96780ED11C35390C006A1555 /* SimpleNetwork */ = {
			isa = PBXNativeTarget;
			buildConfigurationList = 96780EE61C35390C006A1555 /* Build configuration list for PBXNativeTarget "SimpleNetwork" */;
			buildPhases = (
				96780ECD1C35390C006A1555 /* Sources */,
				96780ECE1C35390C006A1555 /* Frameworks */,
				96780ECF1C35390C006A1555 /* Headers */,
				96780ED01C35390C006A1555 /* Resources */,
			);
			buildRules = (
			);
			dependencies = (
			);
			name = SimpleNetwork;
			productName = SimpleNetwork;
			productReference = 96780ED21C35390C006A1555 /* SimpleNetwork.framework */;
			productType = "com.apple.product-type.framework";
		};
		96780EDB1C35390C006A1555 /* SimpleNetworkTests */ = {
			isa = PBXNativeTarget;
			buildConfigurationList = 96780EE91C35390C006A1555 /* Build configuration list for PBXNativeTarget "SimpleNetworkTests" */;
			buildPhases = (
				96780ED81C35390C006A1555 /* Sources */,
				96780ED91C35390C006A1555 /* Frameworks */,
				96780EDA1C35390C006A1555 /* Resources */,
			);
			buildRules = (
			);
			dependencies = (
				96780EDF1C35390C006A1555 /* PBXTargetDependency */,
			);
			name = SimpleNetworkTests;
			productName = SimpleNetworkTests;
			productReference = 96780EDC1C35390C006A1555 /* SimpleNetworkTests.xctest */;
			productType = "com.apple.product-type.bundle.unit-test";
		};
/* End PBXNativeTarget section */

/* Begin PBXProject section */
		96780EC91C35390C006A1555 /* Project object */ = {
			isa = PBXProject;
			attributes = {
				LastSwiftUpdateCheck = 0710;
				LastUpgradeCheck = 0710;
				ORGANIZATIONNAME = sijichcai;
				TargetAttributes = {
					96780ED11C35390C006A1555 = {
						CreatedOnToolsVersion = 7.1.1;
					};
					96780EDB1C35390C006A1555 = {
						CreatedOnToolsVersion = 7.1.1;
					};
				};
			};
			buildConfigurationList = 96780ECC1C35390C006A1555 /* Build configuration list for PBXProject "SimpleNetwork" */;
			compatibilityVersion = "Xcode 3.2";
			developmentRegion = English;
			hasScannedForEncodings = 0;
			knownRegions = (
				en,
			);
			mainGroup = 96780EC81C35390C006A1555;
			productRefGroup = 96780ED31C35390C006A1555 /* Products */;
			projectDirPath = "";
			projectRoot = "";
			targets = (
				96780ED11C35390C006A1555 /* SimpleNetwork */,
				96780EDB1C35390C006A1555 /* SimpleNetworkTests */,
			);
		};
/* End PBXProject section */

/* Begin PBXResourcesBuildPhase section */
		96780ED01C35390C006A1555 /* Resources */ = {
			isa = PBXResourcesBuildPhase;
			buildActionMask = 2147483647;
			files = (
			);
			runOnlyForDeploymentPostprocessing = 0;
		};
		96780EDA1C35390C006A1555 /* Resources */ = {
			isa = PBXResourcesBuildPhase;
			buildActionMask = 2147483647;
			files = (
			);
			runOnlyForDeploymentPostprocessing = 0;
		};
/* End PBXResourcesBuildPhase section */

/* Begin PBXSourcesBuildPhase section */
		96780ECD1C35390C006A1555 /* Sources */ = {
			isa = PBXSourcesBuildPhase;
			buildActionMask = 2147483647;
			files = (
				96780EEE1C35398E006A1555 /* SimpleNetwork.swift in Sources */,
			);
			runOnlyForDeploymentPostprocessing = 0;
		};
		96780ED81C35390C006A1555 /* Sources */ = {
			isa = PBXSourcesBuildPhase;
			buildActionMask = 2147483647;
			files = (
				96780EEF1C3539BC006A1555 /* SimpleNetwork.swift in Sources */,
				96780EF11C353DA3006A1555 /* RequestJSONTests.swift in Sources */,
			);
			runOnlyForDeploymentPostprocessing = 0;
		};
/* End PBXSourcesBuildPhase section */

/* Begin PBXTargetDependency section */
		96780EDF1C35390C006A1555 /* PBXTargetDependency */ = {
			isa = PBXTargetDependency;
			target = 96780ED11C35390C006A1555 /* SimpleNetwork */;
			targetProxy = 96780EDE1C35390C006A1555 /* PBXContainerItemProxy */;
		};
/* End PBXTargetDependency section */

/* Begin XCBuildConfiguration section */
		96780EE41C35390C006A1555 /* Debug */ = {
			isa = XCBuildConfiguration;
			buildSettings = {
				ALWAYS_SEARCH_USER_PATHS = NO;
				CLANG_CXX_LANGUAGE_STANDARD = "gnu++0x";
				CLANG_CXX_LIBRARY = "libc++";
				CLANG_ENABLE_MODULES = YES;
				CLANG_ENABLE_OBJC_ARC = YES;
				CLANG_WARN_BOOL_CONVERSION = YES;
				CLANG_WARN_CONSTANT_CONVERSION = YES;
				CLANG_WARN_DIRECT_OBJC_ISA_USAGE = YES_ERROR;
				CLANG_WARN_EMPTY_BODY = YES;
				CLANG_WARN_ENUM_CONVERSION = YES;
				CLANG_WARN_INT_CONVERSION = YES;
				CLANG_WARN_OBJC_ROOT_CLASS = YES_ERROR;
				CLANG_WARN_UNREACHABLE_CODE = YES;
				CLANG_WARN__DUPLICATE_METHOD_MATCH = YES;
				"CODE_SIGN_IDENTITY[sdk=iphoneos*]" = "iPhone Developer";
				COPY_PHASE_STRIP = NO;
				CURRENT_PROJECT_VERSION = 1;
				DEBUG_INFORMATION_FORMAT = dwarf;
				ENABLE_STRICT_OBJC_MSGSEND = YES;
				ENABLE_TESTABILITY = YES;
				GCC_C_LANGUAGE_STANDARD = gnu99;
				GCC_DYNAMIC_NO_PIC = NO;
				GCC_NO_COMMON_BLOCKS = YES;
				GCC_OPTIMIZATION_LEVEL = 0;
				GCC_PREPROCESSOR_DEFINITIONS = (
					"DEBUG=1",
					"$(inherited)",
				);
				GCC_WARN_64_TO_32_BIT_CONVERSION = YES;
				GCC_WARN_ABOUT_RETURN_TYPE = YES_ERROR;
				GCC_WARN_UNDECLARED_SELECTOR = YES;
				GCC_WARN_UNINITIALIZED_AUTOS = YES_AGGRESSIVE;
				GCC_WARN_UNUSED_FUNCTION = YES;
				GCC_WARN_UNUSED_VARIABLE = YES;
				IPHONEOS_DEPLOYMENT_TARGET = 9.1;
				MTL_ENABLE_DEBUG_INFO = YES;
				ONLY_ACTIVE_ARCH = YES;
				SDKROOT = iphoneos;
				SWIFT_OPTIMIZATION_LEVEL = "-Onone";
				TARGETED_DEVICE_FAMILY = "1,2";
				VERSIONING_SYSTEM = "apple-generic";
				VERSION_INFO_PREFIX = "";
			};
			name = Debug;
		};
		96780EE51C35390C006A1555 /* Release */ = {
			isa = XCBuildConfiguration;
			buildSettings = {
				ALWAYS_SEARCH_USER_PATHS = NO;
				CLANG_CXX_LANGUAGE_STANDARD = "gnu++0x";
				CLANG_CXX_LIBRARY = "libc++";
				CLANG_ENABLE_MODULES = YES;
				CLANG_ENABLE_OBJC_ARC = YES;
				CLANG_WARN_BOOL_CONVERSION = YES;
				CLANG_WARN_CONSTANT_CONVERSION = YES;
				CLANG_WARN_DIRECT_OBJC_ISA_USAGE = YES_ERROR;
				CLANG_WARN_EMPTY_BODY = YES;
				CLANG_WARN_ENUM_CONVERSION = YES;
				CLANG_WARN_INT_CONVERSION = YES;
				CLANG_WARN_OBJC_ROOT_CLASS = YES_ERROR;
				CLANG_WARN_UNREACHABLE_CODE = YES;
				CLANG_WARN__DUPLICATE_METHOD_MATCH = YES;
				"CODE_SIGN_IDENTITY[sdk=iphoneos*]" = "iPhone Developer";
				COPY_PHASE_STRIP = NO;
				CURRENT_PROJECT_VERSION = 1;
				DEBUG_INFORMATION_FORMAT = "dwarf-with-dsym";
				ENABLE_NS_ASSERTIONS = NO;
				ENABLE_STRICT_OBJC_MSGSEND = YES;
				GCC_C_LANGUAGE_STANDARD = gnu99;
				GCC_NO_COMMON_BLOCKS = YES;
				GCC_WARN_64_TO_32_BIT_CONVERSION = YES;
				GCC_WARN_ABOUT_RETURN_TYPE = YES_ERROR;
				GCC_WARN_UNDECLARED_SELECTOR = YES;
				GCC_WARN_UNINITIALIZED_AUTOS = YES_AGGRESSIVE;
				GCC_WARN_UNUSED_FUNCTION = YES;
				GCC_WARN_UNUSED_VARIABLE = YES;
				IPHONEOS_DEPLOYMENT_TARGET = 9.1;
				MTL_ENABLE_DEBUG_INFO = NO;
				SDKROOT = iphoneos;
				TARGETED_DEVICE_FAMILY = "1,2";
				VALIDATE_PRODUCT = YES;
				VERSIONING_SYSTEM = "apple-generic";
				VERSION_INFO_PREFIX = "";
			};
			name = Release;
		};
		96780EE71C35390C006A1555 /* Debug */ = {
			isa = XCBuildConfiguration;
			buildSettings = {
				DEFINES_MODULE = YES;
				DYLIB_COMPATIBILITY_VERSION = 1;
				DYLIB_CURRENT_VERSION = 1;
				DYLIB_INSTALL_NAME_BASE = "@rpath";
				INFOPLIST_FILE = SimpleNetwork/Info.plist;
				INSTALL_PATH = "$(LOCAL_LIBRARY_DIR)/Frameworks";
				LD_RUNPATH_SEARCH_PATHS = "$(inherited) @executable_path/Frameworks @loader_path/Frameworks";
				PRODUCT_BUNDLE_IDENTIFIER = swift.SimpleNetwork;
				PRODUCT_NAME = "$(TARGET_NAME)";
				SKIP_INSTALL = YES;
			};
			name = Debug;
		};
		96780EE81C35390C006A1555 /* Release */ = {
			isa = XCBuildConfiguration;
			buildSettings = {
				DEFINES_MODULE = YES;
				DYLIB_COMPATIBILITY_VERSION = 1;
				DYLIB_CURRENT_VERSION = 1;
				DYLIB_INSTALL_NAME_BASE = "@rpath";
				INFOPLIST_FILE = SimpleNetwork/Info.plist;
				INSTALL_PATH = "$(LOCAL_LIBRARY_DIR)/Frameworks";
				LD_RUNPATH_SEARCH_PATHS = "$(inherited) @executable_path/Frameworks @loader_path/Frameworks";
				PRODUCT_BUNDLE_IDENTIFIER = swift.SimpleNetwork;
				PRODUCT_NAME = "$(TARGET_NAME)";
				SKIP_INSTALL = YES;
			};
			name = Release;
		};
		96780EEA1C35390C006A1555 /* Debug */ = {
			isa = XCBuildConfiguration;
			buildSettings = {
				INFOPLIST_FILE = SimpleNetworkTests/Info.plist;
				LD_RUNPATH_SEARCH_PATHS = "$(inherited) @executable_path/Frameworks @loader_path/Frameworks";
				PRODUCT_BUNDLE_IDENTIFIER = swift.SimpleNetworkTests;
				PRODUCT_NAME = "$(TARGET_NAME)";
			};
			name = Debug;
		};
		96780EEB1C35390C006A1555 /* Release */ = {
			isa = XCBuildConfiguration;
			buildSettings = {
				INFOPLIST_FILE = SimpleNetworkTests/Info.plist;
				LD_RUNPATH_SEARCH_PATHS = "$(inherited) @executable_path/Frameworks @loader_path/Frameworks";
				PRODUCT_BUNDLE_IDENTIFIER = swift.SimpleNetworkTests;
				PRODUCT_NAME = "$(TARGET_NAME)";
			};
			name = Release;
		};
/* End XCBuildConfiguration section */

/* Begin XCConfigurationList section */
		96780ECC1C35390C006A1555 /* Build configuration list for PBXProject "SimpleNetwork" */ = {
			isa = XCConfigurationList;
			buildConfigurations = (
				96780EE41C35390C006A1555 /* Debug */,
				96780EE51C35390C006A1555 /* Release */,
			);
			defaultConfigurationIsVisible = 0;
			defaultConfigurationName = Release;
		};
		96780EE61C35390C006A1555 /* Build configuration list for PBXNativeTarget "SimpleNetwork" */ = {
			isa = XCConfigurationList;
			buildConfigurations = (
				96780EE71C35390C006A1555 /* Debug */,
				96780EE81C35390C006A1555 /* Release */,
			);
			defaultConfigurationIsVisible = 0;
		};
		96780EE91C35390C006A1555 /* Build configuration list for PBXNativeTarget "SimpleNetworkTests" */ = {
			isa = XCConfigurationList;
			buildConfigurations = (
				96780EEA1C35390C006A1555 /* Debug */,
				96780EEB1C35390C006A1555 /* Release */,
			);
			defaultConfigurationIsVisible = 0;
		};
/* End XCConfigurationList section */
	};
	rootObject = 96780EC91C35390C006A1555 /* Project object */;
}
