// !$*UTF8*$!
{
	archiveVersion = 1;
	classes = {
	};
	objectVersion = 46;
	objects = {

/* Begin PBXBuildFile section */
		962668041C33B16500BDD8FE /* AppDelegate.swift in Sources */ = {isa = PBXBuildFile; fileRef = 962668031C33B16500BDD8FE /* AppDelegate.swift */; };
		962668061C33B16500BDD8FE /* ViewController.swift in Sources */ = {isa = PBXBuildFile; fileRef = 962668051C33B16500BDD8FE /* ViewController.swift */; };
		962668091C33B16500BDD8FE /* Main.storyboard in Resources */ = {isa = PBXBuildFile; fileRef = 962668071C33B16500BDD8FE /* Main.storyboard */; };
		9626680B1C33B16500BDD8FE /* Assets.xcassets in Resources */ = {isa = PBXBuildFile; fileRef = 9626680A1C33B16500BDD8FE /* Assets.xcassets */; };
		9626680E1C33B16500BDD8FE /* LaunchScreen.storyboard in Resources */ = {isa = PBXBuildFile; fileRef = 9626680C1C33B16500BDD8FE /* LaunchScreen.storyboard */; };
		962668191C33B16500BDD8FE /* _jchc_WeiBo_stroyboardTests.swift in Sources */ = {isa = PBXBuildFile; fileRef = 962668181C33B16500BDD8FE /* _jchc_WeiBo_stroyboardTests.swift */; };
		962668241C33B16500BDD8FE /* _jchc_WeiBo_stroyboardUITests.swift in Sources */ = {isa = PBXBuildFile; fileRef = 962668231C33B16500BDD8FE /* _jchc_WeiBo_stroyboardUITests.swift */; };
/* End PBXBuildFile section */

/* Begin PBXContainerItemProxy section */
		962668151C33B16500BDD8FE /* PBXContainerItemProxy */ = {
			isa = PBXContainerItemProxy;
			containerPortal = 962667F81C33B16500BDD8FE /* Project object */;
			proxyType = 1;
			remoteGlobalIDString = 962667FF1C33B16500BDD8FE;
			remoteInfo = "4jchc-WeiBo-stroyboard";
		};
		962668201C33B16500BDD8FE /* PBXContainerItemProxy */ = {
			isa = PBXContainerItemProxy;
			containerPortal = 962667F81C33B16500BDD8FE /* Project object */;
			proxyType = 1;
			remoteGlobalIDString = 962667FF1C33B16500BDD8FE;
			remoteInfo = "4jchc-WeiBo-stroyboard";
		};
/* End PBXContainerItemProxy section */

/* Begin PBXFileReference section */
		962668001C33B16500BDD8FE /* 4jchc-WeiBo-stroyboard.app */ = {isa = PBXFileReference; explicitFileType = wrapper.application; includeInIndex = 0; path = "4jchc-WeiBo-stroyboard.app"; sourceTree = BUILT_PRODUCTS_DIR; };
		962668031C33B16500BDD8FE /* AppDelegate.swift */ = {isa = PBXFileReference; lastKnownFileType = sourcecode.swift; path = AppDelegate.swift; sourceTree = "<group>"; };
		962668051C33B16500BDD8FE /* ViewController.swift */ = {isa = PBXFileReference; lastKnownFileType = sourcecode.swift; path = ViewController.swift; sourceTree = "<group>"; };
		962668081C33B16500BDD8FE /* Base */ = {isa = PBXFileReference; lastKnownFileType = file.storyboard; name = Base; path = Base.lproj/Main.storyboard; sourceTree = "<group>"; };
		9626680A1C33B16500BDD8FE /* Assets.xcassets */ = {isa = PBXFileReference; lastKnownFileType = folder.assetcatalog; path = Assets.xcassets; sourceTree = "<group>"; };
		9626680D1C33B16500BDD8FE /* Base */ = {isa = PBXFileReference; lastKnownFileType = file.storyboard; name = Base; path = Base.lproj/LaunchScreen.storyboard; sourceTree = "<group>"; };
		9626680F1C33B16500BDD8FE /* Info.plist */ = {isa = PBXFileReference; lastKnownFileType = text.plist.xml; path = Info.plist; sourceTree = "<group>"; };
		962668141C33B16500BDD8FE /* 4jchc-WeiBo-stroyboardTests.xctest */ = {isa = PBXFileReference; explicitFileType = wrapper.cfbundle; includeInIndex = 0; path = "4jchc-WeiBo-stroyboardTests.xctest"; sourceTree = BUILT_PRODUCTS_DIR; };
		962668181C33B16500BDD8FE /* _jchc_WeiBo_stroyboardTests.swift */ = {isa = PBXFileReference; lastKnownFileType = sourcecode.swift; path = _jchc_WeiBo_stroyboardTests.swift; sourceTree = "<group>"; };
		9626681A1C33B16500BDD8FE /* Info.plist */ = {isa = PBXFileReference; lastKnownFileType = text.plist.xml; path = Info.plist; sourceTree = "<group>"; };
		9626681F1C33B16500BDD8FE /* 4jchc-WeiBo-stroyboardUITests.xctest */ = {isa = PBXFileReference; explicitFileType = wrapper.cfbundle; includeInIndex = 0; path = "4jchc-WeiBo-stroyboardUITests.xctest"; sourceTree = BUILT_PRODUCTS_DIR; };
		962668231C33B16500BDD8FE /* _jchc_WeiBo_stroyboardUITests.swift */ = {isa = PBXFileReference; lastKnownFileType = sourcecode.swift; path = _jchc_WeiBo_stroyboardUITests.swift; sourceTree = "<group>"; };
		962668251C33B16500BDD8FE /* Info.plist */ = {isa = PBXFileReference; lastKnownFileType = text.plist.xml; path = Info.plist; sourceTree = "<group>"; };
/* End PBXFileReference section */

/* Begin PBXFrameworksBuildPhase section */
		962667FD1C33B16500BDD8FE /* Frameworks */ = {
			isa = PBXFrameworksBuildPhase;
			buildActionMask = 2147483647;
			files = (
			);
			runOnlyForDeploymentPostprocessing = 0;
		};
		962668111C33B16500BDD8FE /* Frameworks */ = {
			isa = PBXFrameworksBuildPhase;
			buildActionMask = 2147483647;
			files = (
			);
			runOnlyForDeploymentPostprocessing = 0;
		};
		9626681C1C33B16500BDD8FE /* Frameworks */ = {
			isa = PBXFrameworksBuildPhase;
			buildActionMask = 2147483647;
			files = (
			);
			runOnlyForDeploymentPostprocessing = 0;
		};
/* End PBXFrameworksBuildPhase section */

/* Begin PBXGroup section */
		962667F71C33B16500BDD8FE = {
			isa = PBXGroup;
			children = (
				962668021C33B16500BDD8FE /* 4jchc-WeiBo-stroyboard */,
				962668171C33B16500BDD8FE /* 4jchc-WeiBo-stroyboardTests */,
				962668221C33B16500BDD8FE /* 4jchc-WeiBo-stroyboardUITests */,
				962668011C33B16500BDD8FE /* Products */,
			);
			sourceTree = "<group>";
		};
		962668011C33B16500BDD8FE /* Products */ = {
			isa = PBXGroup;
			children = (
				962668001C33B16500BDD8FE /* 4jchc-WeiBo-stroyboard.app */,
				962668141C33B16500BDD8FE /* 4jchc-WeiBo-stroyboardTests.xctest */,
				9626681F1C33B16500BDD8FE /* 4jchc-WeiBo-stroyboardUITests.xctest */,
			);
			name = Products;
			sourceTree = "<group>";
		};
		962668021C33B16500BDD8FE /* 4jchc-WeiBo-stroyboard */ = {
			isa = PBXGroup;
			children = (
				962668031C33B16500BDD8FE /* AppDelegate.swift */,
				962668051C33B16500BDD8FE /* ViewController.swift */,
				962668071C33B16500BDD8FE /* Main.storyboard */,
				9626680A1C33B16500BDD8FE /* Assets.xcassets */,
				9626680C1C33B16500BDD8FE /* LaunchScreen.storyboard */,
				9626680F1C33B16500BDD8FE /* Info.plist */,
			);
			path = "4jchc-WeiBo-stroyboard";
			sourceTree = "<group>";
		};
		962668171C33B16500BDD8FE /* 4jchc-WeiBo-stroyboardTests */ = {
			isa = PBXGroup;
			children = (
				962668181C33B16500BDD8FE /* _jchc_WeiBo_stroyboardTests.swift */,
				9626681A1C33B16500BDD8FE /* Info.plist */,
			);
			path = "4jchc-WeiBo-stroyboardTests";
			sourceTree = "<group>";
		};
		962668221C33B16500BDD8FE /* 4jchc-WeiBo-stroyboardUITests */ = {
			isa = PBXGroup;
			children = (
				962668231C33B16500BDD8FE /* _jchc_WeiBo_stroyboardUITests.swift */,
				962668251C33B16500BDD8FE /* Info.plist */,
			);
			path = "4jchc-WeiBo-stroyboardUITests";
			sourceTree = "<group>";
		};
/* End PBXGroup section */

/* Begin PBXNativeTarget section */
		962667FF1C33B16500BDD8FE /* 4jchc-WeiBo-stroyboard */ = {
			isa = PBXNativeTarget;
			buildConfigurationList = 962668281C33B16500BDD8FE /* Build configuration list for PBXNativeTarget "4jchc-WeiBo-stroyboard" */;
			buildPhases = (
				962667FC1C33B16500BDD8FE /* Sources */,
				962667FD1C33B16500BDD8FE /* Frameworks */,
				962667FE1C33B16500BDD8FE /* Resources */,
			);
			buildRules = (
			);
			dependencies = (
			);
			name = "4jchc-WeiBo-stroyboard";
			productName = "4jchc-WeiBo-stroyboard";
			productReference = 962668001C33B16500BDD8FE /* 4jchc-WeiBo-stroyboard.app */;
			productType = "com.apple.product-type.application";
		};
		962668131C33B16500BDD8FE /* 4jchc-WeiBo-stroyboardTests */ = {
			isa = PBXNativeTarget;
			buildConfigurationList = 9626682B1C33B16500BDD8FE /* Build configuration list for PBXNativeTarget "4jchc-WeiBo-stroyboardTests" */;
			buildPhases = (
				962668101C33B16500BDD8FE /* Sources */,
				962668111C33B16500BDD8FE /* Frameworks */,
				962668121C33B16500BDD8FE /* Resources */,
			);
			buildRules = (
			);
			dependencies = (
				962668161C33B16500BDD8FE /* PBXTargetDependency */,
			);
			name = "4jchc-WeiBo-stroyboardTests";
			productName = "4jchc-WeiBo-stroyboardTests";
			productReference = 962668141C33B16500BDD8FE /* 4jchc-WeiBo-stroyboardTests.xctest */;
			productType = "com.apple.product-type.bundle.unit-test";
		};
		9626681E1C33B16500BDD8FE /* 4jchc-WeiBo-stroyboardUITests */ = {
			isa = PBXNativeTarget;
			buildConfigurationList = 9626682E1C33B16500BDD8FE /* Build configuration list for PBXNativeTarget "4jchc-WeiBo-stroyboardUITests" */;
			buildPhases = (
				9626681B1C33B16500BDD8FE /* Sources */,
				9626681C1C33B16500BDD8FE /* Frameworks */,
				9626681D1C33B16500BDD8FE /* Resources */,
			);
			buildRules = (
			);
			dependencies = (
				962668211C33B16500BDD8FE /* PBXTargetDependency */,
			);
			name = "4jchc-WeiBo-stroyboardUITests";
			productName = "4jchc-WeiBo-stroyboardUITests";
			productReference = 9626681F1C33B16500BDD8FE /* 4jchc-WeiBo-stroyboardUITests.xctest */;
			productType = "com.apple.product-type.bundle.ui-testing";
		};
/* End PBXNativeTarget section */

/* Begin PBXProject section */
		962667F81C33B16500BDD8FE /* Project object */ = {
			isa = PBXProject;
			attributes = {
				LastSwiftUpdateCheck = 0710;
				LastUpgradeCheck = 0710;
				ORGANIZATIONNAME = sijichcai;
				TargetAttributes = {
					962667FF1C33B16500BDD8FE = {
						CreatedOnToolsVersion = 7.1.1;
					};
					962668131C33B16500BDD8FE = {
						CreatedOnToolsVersion = 7.1.1;
						TestTargetID = 962667FF1C33B16500BDD8FE;
					};
					9626681E1C33B16500BDD8FE = {
						CreatedOnToolsVersion = 7.1.1;
						TestTargetID = 962667FF1C33B16500BDD8FE;
					};
				};
			};
			buildConfigurationList = 962667FB1C33B16500BDD8FE /* Build configuration list for PBXProject "4jchc-WeiBo-stroyboard" */;
			compatibilityVersion = "Xcode 3.2";
			developmentRegion = English;
			hasScannedForEncodings = 0;
			knownRegions = (
				en,
				Base,
			);
			mainGroup = 962667F71C33B16500BDD8FE;
			productRefGroup = 962668011C33B16500BDD8FE /* Products */;
			projectDirPath = "";
			projectRoot = "";
			targets = (
				962667FF1C33B16500BDD8FE /* 4jchc-WeiBo-stroyboard */,
				962668131C33B16500BDD8FE /* 4jchc-WeiBo-stroyboardTests */,
				9626681E1C33B16500BDD8FE /* 4jchc-WeiBo-stroyboardUITests */,
			);
		};
/* End PBXProject section */

/* Begin PBXResourcesBuildPhase section */
		962667FE1C33B16500BDD8FE /* Resources */ = {
			isa = PBXResourcesBuildPhase;
			buildActionMask = 2147483647;
			files = (
				9626680E1C33B16500BDD8FE /* LaunchScreen.storyboard in Resources */,
				9626680B1C33B16500BDD8FE /* Assets.xcassets in Resources */,
				962668091C33B16500BDD8FE /* Main.storyboard in Resources */,
			);
			runOnlyForDeploymentPostprocessing = 0;
		};
		962668121C33B16500BDD8FE /* Resources */ = {
			isa = PBXResourcesBuildPhase;
			buildActionMask = 2147483647;
			files = (
			);
			runOnlyForDeploymentPostprocessing = 0;
		};
		9626681D1C33B16500BDD8FE /* Resources */ = {
			isa = PBXResourcesBuildPhase;
			buildActionMask = 2147483647;
			files = (
			);
			runOnlyForDeploymentPostprocessing = 0;
		};
/* End PBXResourcesBuildPhase section */

/* Begin PBXSourcesBuildPhase section */
		962667FC1C33B16500BDD8FE /* Sources */ = {
			isa = PBXSourcesBuildPhase;
			buildActionMask = 2147483647;
			files = (
				962668061C33B16500BDD8FE /* ViewController.swift in Sources */,
				962668041C33B16500BDD8FE /* AppDelegate.swift in Sources */,
			);
			runOnlyForDeploymentPostprocessing = 0;
		};
		962668101C33B16500BDD8FE /* Sources */ = {
			isa = PBXSourcesBuildPhase;
			buildActionMask = 2147483647;
			files = (
				962668191C33B16500BDD8FE /* _jchc_WeiBo_stroyboardTests.swift in Sources */,
			);
			runOnlyForDeploymentPostprocessing = 0;
		};
		9626681B1C33B16500BDD8FE /* Sources */ = {
			isa = PBXSourcesBuildPhase;
			buildActionMask = 2147483647;
			files = (
				962668241C33B16500BDD8FE /* _jchc_WeiBo_stroyboardUITests.swift in Sources */,
			);
			runOnlyForDeploymentPostprocessing = 0;
		};
/* End PBXSourcesBuildPhase section */

/* Begin PBXTargetDependency section */
		962668161C33B16500BDD8FE /* PBXTargetDependency */ = {
			isa = PBXTargetDependency;
			target = 962667FF1C33B16500BDD8FE /* 4jchc-WeiBo-stroyboard */;
			targetProxy = 962668151C33B16500BDD8FE /* PBXContainerItemProxy */;
		};
		962668211C33B16500BDD8FE /* PBXTargetDependency */ = {
			isa = PBXTargetDependency;
			target = 962667FF1C33B16500BDD8FE /* 4jchc-WeiBo-stroyboard */;
			targetProxy = 962668201C33B16500BDD8FE /* PBXContainerItemProxy */;
		};
/* End PBXTargetDependency section */

/* Begin PBXVariantGroup section */
		962668071C33B16500BDD8FE /* Main.storyboard */ = {
			isa = PBXVariantGroup;
			children = (
				962668081C33B16500BDD8FE /* Base */,
			);
			name = Main.storyboard;
			sourceTree = "<group>";
		};
		9626680C1C33B16500BDD8FE /* LaunchScreen.storyboard */ = {
			isa = PBXVariantGroup;
			children = (
				9626680D1C33B16500BDD8FE /* Base */,
			);
			name = LaunchScreen.storyboard;
			sourceTree = "<group>";
		};
/* End PBXVariantGroup section */

/* Begin XCBuildConfiguration section */
		962668261C33B16500BDD8FE /* Debug */ = {
			isa = XCBuildConfiguration;
			buildSettings = {
				ALWAYS_SEARCH_USER_PATHS = NO;
				CLANG_CXX_LANGUAGE_STANDARD = "gnu++0x";
				CLANG_CXX_LIBRARY = "libc++";
				CLANG_ENABLE_MODULES = YES;
				CLANG_ENABLE_OBJC_ARC = YES;
				CLANG_WARN_BOOL_CONVERSION = YES;
				CLANG_WARN_CONSTANT_CONVERSION = YES;
				CLANG_WARN_DIRECT_OBJC_ISA_USAGE = YES_ERROR;
				CLANG_WARN_EMPTY_BODY = YES;
				CLANG_WARN_ENUM_CONVERSION = YES;
				CLANG_WARN_INT_CONVERSION = YES;
				CLANG_WARN_OBJC_ROOT_CLASS = YES_ERROR;
				CLANG_WARN_UNREACHABLE_CODE = YES;
				CLANG_WARN__DUPLICATE_METHOD_MATCH = YES;
				"CODE_SIGN_IDENTITY[sdk=iphoneos*]" = "iPhone Developer";
				COPY_PHASE_STRIP = NO;
				DEBUG_INFORMATION_FORMAT = dwarf;
				ENABLE_STRICT_OBJC_MSGSEND = YES;
				ENABLE_TESTABILITY = YES;
				GCC_C_LANGUAGE_STANDARD = gnu99;
				GCC_DYNAMIC_NO_PIC = NO;
				GCC_NO_COMMON_BLOCKS = YES;
				GCC_OPTIMIZATION_LEVEL = 0;
				GCC_PREPROCESSOR_DEFINITIONS = (
					"DEBUG=1",
					"$(inherited)",
				);
				GCC_WARN_64_TO_32_BIT_CONVERSION = YES;
				GCC_WARN_ABOUT_RETURN_TYPE = YES_ERROR;
				GCC_WARN_UNDECLARED_SELECTOR = YES;
				GCC_WARN_UNINITIALIZED_AUTOS = YES_AGGRESSIVE;
				GCC_WARN_UNUSED_FUNCTION = YES;
				GCC_WARN_UNUSED_VARIABLE = YES;
				IPHONEOS_DEPLOYMENT_TARGET = 9.1;
				MTL_ENABLE_DEBUG_INFO = YES;
				ONLY_ACTIVE_ARCH = YES;
				SDKROOT = iphoneos;
				SWIFT_OPTIMIZATION_LEVEL = "-Onone";
				TARGETED_DEVICE_FAMILY = "1,2";
			};
			name = Debug;
		};
		962668271C33B16500BDD8FE /* Release */ = {
			isa = XCBuildConfiguration;
			buildSettings = {
				ALWAYS_SEARCH_USER_PATHS = NO;
				CLANG_CXX_LANGUAGE_STANDARD = "gnu++0x";
				CLANG_CXX_LIBRARY = "libc++";
				CLANG_ENABLE_MODULES = YES;
				CLANG_ENABLE_OBJC_ARC = YES;
				CLANG_WARN_BOOL_CONVERSION = YES;
				CLANG_WARN_CONSTANT_CONVERSION = YES;
				CLANG_WARN_DIRECT_OBJC_ISA_USAGE = YES_ERROR;
				CLANG_WARN_EMPTY_BODY = YES;
				CLANG_WARN_ENUM_CONVERSION = YES;
				CLANG_WARN_INT_CONVERSION = YES;
				CLANG_WARN_OBJC_ROOT_CLASS = YES_ERROR;
				CLANG_WARN_UNREACHABLE_CODE = YES;
				CLANG_WARN__DUPLICATE_METHOD_MATCH = YES;
				"CODE_SIGN_IDENTITY[sdk=iphoneos*]" = "iPhone Developer";
				COPY_PHASE_STRIP = NO;
				DEBUG_INFORMATION_FORMAT = "dwarf-with-dsym";
				ENABLE_NS_ASSERTIONS = NO;
				ENABLE_STRICT_OBJC_MSGSEND = YES;
				GCC_C_LANGUAGE_STANDARD = gnu99;
				GCC_NO_COMMON_BLOCKS = YES;
				GCC_WARN_64_TO_32_BIT_CONVERSION = YES;
				GCC_WARN_ABOUT_RETURN_TYPE = YES_ERROR;
				GCC_WARN_UNDECLARED_SELECTOR = YES;
				GCC_WARN_UNINITIALIZED_AUTOS = YES_AGGRESSIVE;
				GCC_WARN_UNUSED_FUNCTION = YES;
				GCC_WARN_UNUSED_VARIABLE = YES;
				IPHONEOS_DEPLOYMENT_TARGET = 9.1;
				MTL_ENABLE_DEBUG_INFO = NO;
				SDKROOT = iphoneos;
				TARGETED_DEVICE_FAMILY = "1,2";
				VALIDATE_PRODUCT = YES;
			};
			name = Release;
		};
		962668291C33B16500BDD8FE /* Debug */ = {
			isa = XCBuildConfiguration;
			buildSettings = {
				ASSETCATALOG_COMPILER_APPICON_NAME = AppIcon;
				INFOPLIST_FILE = "4jchc-WeiBo-stroyboard/Info.plist";
				LD_RUNPATH_SEARCH_PATHS = "$(inherited) @executable_path/Frameworks";
				PRODUCT_BUNDLE_IDENTIFIER = "swift.-jchc-WeiBo-stroyboard";
				PRODUCT_NAME = "$(TARGET_NAME)";
			};
			name = Debug;
		};
		9626682A1C33B16500BDD8FE /* Release */ = {
			isa = XCBuildConfiguration;
			buildSettings = {
				ASSETCATALOG_COMPILER_APPICON_NAME = AppIcon;
				INFOPLIST_FILE = "4jchc-WeiBo-stroyboard/Info.plist";
				LD_RUNPATH_SEARCH_PATHS = "$(inherited) @executable_path/Frameworks";
				PRODUCT_BUNDLE_IDENTIFIER = "swift.-jchc-WeiBo-stroyboard";
				PRODUCT_NAME = "$(TARGET_NAME)";
			};
			name = Release;
		};
		9626682C1C33B16500BDD8FE /* Debug */ = {
			isa = XCBuildConfiguration;
			buildSettings = {
				BUNDLE_LOADER = "$(TEST_HOST)";
				INFOPLIST_FILE = "4jchc-WeiBo-stroyboardTests/Info.plist";
				LD_RUNPATH_SEARCH_PATHS = "$(inherited) @executable_path/Frameworks @loader_path/Frameworks";
				PRODUCT_BUNDLE_IDENTIFIER = "swift.-jchc-WeiBo-stroyboardTests";
				PRODUCT_NAME = "$(TARGET_NAME)";
				TEST_HOST = "$(BUILT_PRODUCTS_DIR)/4jchc-WeiBo-stroyboard.app/4jchc-WeiBo-stroyboard";
			};
			name = Debug;
		};
		9626682D1C33B16500BDD8FE /* Release */ = {
			isa = XCBuildConfiguration;
			buildSettings = {
				BUNDLE_LOADER = "$(TEST_HOST)";
				INFOPLIST_FILE = "4jchc-WeiBo-stroyboardTests/Info.plist";
				LD_RUNPATH_SEARCH_PATHS = "$(inherited) @executable_path/Frameworks @loader_path/Frameworks";
				PRODUCT_BUNDLE_IDENTIFIER = "swift.-jchc-WeiBo-stroyboardTests";
				PRODUCT_NAME = "$(TARGET_NAME)";
				TEST_HOST = "$(BUILT_PRODUCTS_DIR)/4jchc-WeiBo-stroyboard.app/4jchc-WeiBo-stroyboard";
			};
			name = Release;
		};
		9626682F1C33B16500BDD8FE /* Debug */ = {
			isa = XCBuildConfiguration;
			buildSettings = {
				INFOPLIST_FILE = "4jchc-WeiBo-stroyboardUITests/Info.plist";
				LD_RUNPATH_SEARCH_PATHS = "$(inherited) @executable_path/Frameworks @loader_path/Frameworks";
				PRODUCT_BUNDLE_IDENTIFIER = "swift.-jchc-WeiBo-stroyboardUITests";
				PRODUCT_NAME = "$(TARGET_NAME)";
				TEST_TARGET_NAME = "4jchc-WeiBo-stroyboard";
				USES_XCTRUNNER = YES;
			};
			name = Debug;
		};
		962668301C33B16500BDD8FE /* Release */ = {
			isa = XCBuildConfiguration;
			buildSettings = {
				INFOPLIST_FILE = "4jchc-WeiBo-stroyboardUITests/Info.plist";
				LD_RUNPATH_SEARCH_PATHS = "$(inherited) @executable_path/Frameworks @loader_path/Frameworks";
				PRODUCT_BUNDLE_IDENTIFIER = "swift.-jchc-WeiBo-stroyboardUITests";
				PRODUCT_NAME = "$(TARGET_NAME)";
				TEST_TARGET_NAME = "4jchc-WeiBo-stroyboard";
				USES_XCTRUNNER = YES;
			};
			name = Release;
		};
/* End XCBuildConfiguration section */

/* Begin XCConfigurationList section */
		962667FB1C33B16500BDD8FE /* Build configuration list for PBXProject "4jchc-WeiBo-stroyboard" */ = {
			isa = XCConfigurationList;
			buildConfigurations = (
				962668261C33B16500BDD8FE /* Debug */,
				962668271C33B16500BDD8FE /* Release */,
			);
			defaultConfigurationIsVisible = 0;
			defaultConfigurationName = Release;
		};
		962668281C33B16500BDD8FE /* Build configuration list for PBXNativeTarget "4jchc-WeiBo-stroyboard" */ = {
			isa = XCConfigurationList;
			buildConfigurations = (
				962668291C33B16500BDD8FE /* Debug */,
				9626682A1C33B16500BDD8FE /* Release */,
			);
			defaultConfigurationIsVisible = 0;
		};
		9626682B1C33B16500BDD8FE /* Build configuration list for PBXNativeTarget "4jchc-WeiBo-stroyboardTests" */ = {
			isa = XCConfigurationList;
			buildConfigurations = (
				9626682C1C33B16500BDD8FE /* Debug */,
				9626682D1C33B16500BDD8FE /* Release */,
			);
			defaultConfigurationIsVisible = 0;
		};
		9626682E1C33B16500BDD8FE /* Build configuration list for PBXNativeTarget "4jchc-WeiBo-stroyboardUITests" */ = {
			isa = XCConfigurationList;
			buildConfigurations = (
				9626682F1C33B16500BDD8FE /* Debug */,
				962668301C33B16500BDD8FE /* Release */,
			);
			defaultConfigurationIsVisible = 0;
		};
/* End XCConfigurationList section */
	};
	rootObject = 962667F81C33B16500BDD8FE /* Project object */;
}
